
Microsoft Visual Studio Solution File, Format Version 12.00
# Visual Studio 15
VisualStudioVersion = 15.0.28307.1300
MinimumVisualStudioVersion = 10.0.40219.1
Project("{FAE04EC0-301F-11D3-BF4B-00C04F79EFBC}") = "business", "business\business.csproj", "{348B60C3-548E-41D2-8EAE-F1990B840349}"
EndProject
Project("{FAE04EC0-301F-11D3-BF4B-00C04F79EFBC}") = "ConsoleTeste", "ConsoleTeste\ConsoleTeste.csproj", "{6677007D-720B-41C8-A97D-179158D22F4D}"
EndProject
Project("{FAE04EC0-301F-11D3-BF4B-00C04F79EFBC}") = "WFEsboco", "WFEsboco\WFEsboco.csproj", "{E603AF88-DDA1-4B7E-BE75-689DCA599F9C}"
EndProject
Project("{54435603-DBB4-11D2-8724-00A0C9A8B90C}") = "InstaladorEsboco", "WFEsboco\Instalador\InstaladorEsboco\InstaladorEsboco.vdproj", "{61416DF7-4DF7-4F9C-B916-D22AB705238D}"
EndProject
Global
	GlobalSection(SolutionConfigurationPlatforms) = preSolution
		Debug|Any CPU = Debug|Any CPU
		Release|Any CPU = Release|Any CPU
	EndGlobalSection
	GlobalSection(ProjectConfigurationPlatforms) = postSolution
		{348B60C3-548E-41D2-8EAE-F1990B840349}.Debug|Any CPU.ActiveCfg = Debug|Any CPU
		{348B60C3-548E-41D2-8EAE-F1990B840349}.Debug|Any CPU.Build.0 = Debug|Any CPU
		{348B60C3-548E-41D2-8EAE-F1990B840349}.Release|Any CPU.ActiveCfg = Release|Any CPU
		{348B60C3-548E-41D2-8EAE-F1990B840349}.Release|Any CPU.Build.0 = Release|Any CPU
		{6677007D-720B-41C8-A97D-179158D22F4D}.Debug|Any CPU.ActiveCfg = Debug|Any CPU
		{6677007D-720B-41C8-A97D-179158D22F4D}.Debug|Any CPU.Build.0 = Debug|Any CPU
		{6677007D-720B-41C8-A97D-179158D22F4D}.Release|Any CPU.ActiveCfg = Release|Any CPU
		{6677007D-720B-41C8-A97D-179158D22F4D}.Release|Any CPU.Build.0 = Release|Any CPU
		{E603AF88-DDA1-4B7E-BE75-689DCA599F9C}.Debug|Any CPU.ActiveCfg = Debug|Any CPU
		{E603AF88-DDA1-4B7E-BE75-689DCA599F9C}.Debug|Any CPU.Build.0 = Debug|Any CPU
		{E603AF88-DDA1-4B7E-BE75-689DCA599F9C}.Release|Any CPU.ActiveCfg = Release|Any CPU
		{E603AF88-DDA1-4B7E-BE75-689DCA599F9C}.Release|Any CPU.Build.0 = Release|Any CPU
		{61416DF7-4DF7-4F9C-B916-D22AB705238D}.Debug|Any CPU.ActiveCfg = Debug
		{61416DF7-4DF7-4F9C-B916-D22AB705238D}.Release|Any CPU.ActiveCfg = Release
	EndGlobalSection
	GlobalSection(SolutionProperties) = preSolution
		HideSolutionNode = FALSE
	EndGlobalSection
	GlobalSection(ExtensibilityGlobals) = postSolution
		SolutionGuid = {355FC3E0-BC1A-41B2-ADA2-323A9E0C7127}
	EndGlobalSection
EndGlobal
